dependencies:
  RadioLib:
    dependencies: []
    source:
      path: C:\Users\Igor\Documents\Code\MCU\ESP32\Charlotte\Remote\components\RadioLib
      type: local
    version: 7.1.2
  YOBA:
    dependencies: []
    source:
      path: C:\Users\Igor\Documents\Code\MCU\ESP32\Charlotte\Remote\components\YOBA
      type: local
    version: 0.0.1
  idf:
    source:
      type: idf
    version: 5.4.0
direct_dependencies:
- RadioLib
- YOBA
- idf
manifest_hash: 0a4cdb6ca58c01b58e43b9ab3e37d01efea977db4bf2885e1480c50c26f3e725
target: esp32
version: 2.0.0
