dependencies:
  YOBA:
    dependencies: []
    source:
      path: C:\Users\Igor\Documents\Code\MCU\ESP32\Charlotte\Remote\components\YOBA
      type: local
    version: 0.0.1
  idf:
    source:
      type: idf
    version: 5.5.1
direct_dependencies:
- YOBA
manifest_hash: ebb5b339414490052f689c07e13b6fac63eb23d198dad8562536976d4751148d
target: esp32
version: 2.0.0
