dependencies:
  YOBA:
    dependencies: []
    source:
      path: C:\Users\Igor\Documents\Code\MCU\ESP32\Charlotte\Remote\components\YOBA
      type: local
    version: 0.0.1
  idf:
    source:
      type: idf
    version: 5.5.1
direct_dependencies:
- YOBA
manifest_hash: ea01abcf49e20e1f910a72153fbd4cfd15c7d545c041c77aff6d66a89bc7c181
target: esp32
version: 2.0.0
